
Microsoft Visual Studio Solution File, Format Version 12.00
# Visual Studio Version 17
VisualStudioVersion = 17.10.35004.147
MinimumVisualStudioVersion = 10.0.40219.1
Project("{FAE04EC0-301F-11D3-BF4B-00C04F79EFBC}") = "LibraryManagementSystem", "LibraryManagementSystem.csproj", "{F1BD659E-4328-499F-8C6E-9CC1396F391B}"
EndProject
Global
	GlobalSection(SolutionConfigurationPlatforms) = preSolution
		Debug|Any CPU = Debug|Any CPU
		Release|Any CPU = Release|Any CPU
	EndGlobalSection
	GlobalSection(ProjectConfigurationPlatforms) = postSolution
		{F1BD659E-4328-499F-8C6E-9CC1396F391B}.Debug|Any CPU.ActiveCfg = Debug|Any CPU
		{F1BD659E-4328-499F-8C6E-9CC1396F391B}.Debug|Any CPU.Build.0 = Debug|Any CPU
		{F1BD659E-4328-499F-8C6E-9CC1396F391B}.Release|Any CPU.ActiveCfg = Release|Any CPU
		{F1BD659E-4328-499F-8C6E-9CC1396F391B}.Release|Any CPU.Build.0 = Release|Any CPU
	EndGlobalSection
	GlobalSection(SolutionProperties) = preSolution
		HideSolutionNode = FALSE
	EndGlobalSection
	GlobalSection(ExtensibilityGlobals) = postSolution
		SolutionGuid = {2C943082-7ADE-4779-A2E8-13BABCABCBB8}
	EndGlobalSection
EndGlobal
